artifact_id: SOCRATES_R8_MATERIALIZATION_LOCK
version: 0.3.0
status: candidate_exact_byte_lock
generation: G-S25R.8
artifact_count: 90
artifacts:
  ENFORCEMENT_MANIFEST:
    key: ENFORCEMENT_MANIFEST
    relative_path: sources/ENFORCEMENT_MANIFEST__enforcement_layer_manifest.yaml
    drive_id: 1PX1lcLbnA1-RaFzhjizDHUUZCtTrOlSI
    sha256: 4a655e7151b298e5bb18c3e4e173aadabb51648e90682890af4cb65a6ea62a8d
    bytes: 4210
    class: HARD_CONTRACT_SOURCE
    semantic_version: 0.1.0
  SCHEMA_CATALOG:
    key: SCHEMA_CATALOG
    relative_path: sources/SCHEMA_CATALOG__schema_catalog.yaml
    drive_id: 1G-n_tKhZJn8VZo5Tr7DOJYV9iesCKUtm
    sha256: fc9eb5d9cfe86296a8cfb253fffa3c0d4e03b7ee621399e06c84f9774c82f958
    bytes: 8633
    class: HARD_CONTRACT_SOURCE
    semantic_version: 0.1.0
  ACTOR_STATE_SCHEMA:
    key: ACTOR_STATE_SCHEMA
    relative_path: sources/ACTOR_STATE_SCHEMA__actor_state.schema.json
    drive_id: 15ZnEGo1_z93zLHGmQuDhk2pUETtNuQp5
    sha256: 9583d71840fa440f819fd876de30a1b6d29c7116a85d91466ee8613b48317f88
    bytes: 1587
    class: HARD_CONTRACT_SOURCE
  SCENE_STATE_SCHEMA:
    key: SCENE_STATE_SCHEMA
    relative_path: sources/SCENE_STATE_SCHEMA__scene_state.schema.json
    drive_id: 1cVX1mKcG27l8ewsZfoIo_xBl0DZUrOha
    sha256: d0a83a69ca475023e355fb151f3a1f844a57e53fdf74df28f1cfd538f05f72be
    bytes: 1836
    class: HARD_CONTRACT_SOURCE
  ROLE_AUTHORITY_SCHEMA:
    key: ROLE_AUTHORITY_SCHEMA
    relative_path: sources/ROLE_AUTHORITY_SCHEMA__role_authority_resolution.schema.json
    drive_id: 16gW-HcfuRgZ_zczPCUfyKMxQX27CmTYT
    sha256: 956a251afbfaddf29d0a649f5c5bea14cc16ec8c6143f8f5ed358afa55cc264e
    bytes: 1567
    class: HARD_CONTRACT_SOURCE
  REFLECTIVE_EXIT_SCHEMA:
    key: REFLECTIVE_EXIT_SCHEMA
    relative_path: sources/REFLECTIVE_EXIT_SCHEMA__reflective_exit.schema.json
    drive_id: 1BEKsB39lGH1f3J6RuRW-YhvOyfeD7b4U
    sha256: 35297a89291b747496c613b93e819182838a2b7f473e13132776639635787220
    bytes: 1287
    class: HARD_CONTRACT_SOURCE
  EPISTEMIC_CLAIM_SCHEMA:
    key: EPISTEMIC_CLAIM_SCHEMA
    relative_path: sources/EPISTEMIC_CLAIM_SCHEMA__epistemic_claim.schema.json
    drive_id: 17ClGNJsnm0zuyYbbByoRHkUvarmmyZT8
    sha256: 6466cc84723ee03e0536a9d3ab36c4102a729529b5d2d98220d44ed8e72190bf
    bytes: 2460
    class: HARD_CONTRACT_SOURCE
  TEMPORAL_COMMITMENT_SCHEMA:
    key: TEMPORAL_COMMITMENT_SCHEMA
    relative_path: sources/TEMPORAL_COMMITMENT_SCHEMA__temporal_commitment.schema.json
    drive_id: 1mvFkvh8XwrD8_Fi-eKzmKzxf7ikmsc22
    sha256: 36b58cf33256dfd6fe60aec8e71952fdcc90442f5d87d38659a4bc8f3926420e
    bytes: 2165
    class: HARD_CONTRACT_SOURCE
  PIPELINE_RUN_STATE_SCHEMA:
    key: PIPELINE_RUN_STATE_SCHEMA
    relative_path: sources/PIPELINE_RUN_STATE_SCHEMA__pipeline_run_state.schema.json
    drive_id: 1L6DDrU3x3rSoUsjDrMP04ddch65kz1LB
    sha256: baca91fed912cab6e4b887afebbf16e536a8dcc490aa4770ffee5519f1974d3e
    bytes: 4173
    class: HARD_CONTRACT_SOURCE
  PROMPT_MODULE_SCHEMA:
    key: PROMPT_MODULE_SCHEMA
    relative_path: sources/PROMPT_MODULE_SCHEMA__prompt_module_contract.schema.json
    drive_id: 1YAjRTEgKewbCwFQz9jyTpmBB9Lc124Vo
    sha256: 5adc7b81678f7413d2c050620b90fcdd43987e1bf0fdb705fd841311e5a780ed
    bytes: 1193
    class: HARD_CONTRACT_SOURCE
  HARNESS_CASE_SCHEMA:
    key: HARNESS_CASE_SCHEMA
    relative_path: sources/HARNESS_CASE_SCHEMA__harness_case.schema.json
    drive_id: 1u1ejQUzzZPEVPX5WrmMZ9K_UyO9-SlqP
    sha256: a590a9d50b5dc846ca5fd3528697a08c007f15edfeca7da14e6630ebb29cdce1
    bytes: 1719
    class: HARD_CONTRACT_SOURCE
  CONTROL_PLANE_SCHEMA:
    key: CONTROL_PLANE_SCHEMA
    relative_path: sources/CONTROL_PLANE_SCHEMA__control_plane_snapshot.schema.json
    drive_id: 1or9oWewKHrwjkjW4srPnuUZMrb8scQ7J
    sha256: 8135e6a26e39be00068f5f13292b8c5c750f5915a53155755555451d4ad99ae6
    bytes: 1237
    class: HARD_CONTRACT_SOURCE
  USER_RESPONSE_SCHEMA:
    key: USER_RESPONSE_SCHEMA
    relative_path: sources/USER_RESPONSE_SCHEMA__user_facing_response.schema.json
    drive_id: 1Y_qsDS5zyQvAtzVq2YfVCSK5kdMKESCC
    sha256: 6246c283be719c130156cad8766851c0e06e40c0e46a62f0ba5c192d46668296
    bytes: 1078
    class: HARD_CONTRACT_SOURCE
  MIGRATION_RECORD_SCHEMA:
    key: MIGRATION_RECORD_SCHEMA
    relative_path: sources/MIGRATION_RECORD_SCHEMA__migration_record.schema.json
    drive_id: 1ZoVI9adlN-4j5dkG8bS2FrGuR6F2sGT4
    sha256: 873cec12d97afbbb3e849f69bca752d9b48dcb93c65289a1be55501320866000
    bytes: 1317
    class: HARD_CONTRACT_SOURCE
  SCHEMA_CATALOG_CONTRACT:
    key: SCHEMA_CATALOG_CONTRACT
    relative_path: sources/SCHEMA_CATALOG_CONTRACT__schema_catalog_contract.schema.json
    drive_id: 1DqzjtOgN-Gp9NH-Ddx9jgsuNyJxKUX2-
    sha256: 2b77c1837cccdcdb5aa344acf963bc8db9408218629c85f5de6c13f49016dbb2
    bytes: 1097
    class: HARD_CONTRACT_SOURCE
  ENFORCEMENT_MANIFEST_CONTRACT:
    key: ENFORCEMENT_MANIFEST_CONTRACT
    relative_path: sources/ENFORCEMENT_MANIFEST_CONTRACT__enforcement_manifest_contract.schema.json
    drive_id: 1BPoBtQ8HGKs4t1iXT0oh3XAYHcTKLAjW
    sha256: 731131c47c7c16568b16675784a767e0fbca79122953f51bcc9a05d42ac46888
    bytes: 1137
    class: HARD_CONTRACT_SOURCE
  REFERENCE_HARNESS_RESULT_SCHEMA:
    key: REFERENCE_HARNESS_RESULT_SCHEMA
    relative_path: sources/REFERENCE_HARNESS_RESULT_SCHEMA__reference_harness_result.schema.json
    drive_id: 1L3fFYEoiG8uFYS6W_Nas7nbKkBrHqDwW
    sha256: 3a62c021e34cf430cf89b6aab0eb44346ee46e2e8dd12b28d258c5fd6d9cf325
    bytes: 1294
    class: HARD_CONTRACT_SOURCE
  HIST_PROMPT_MANIFEST:
    key: HIST_PROMPT_MANIFEST
    relative_path: sources/HIST_PROMPT_MANIFEST__prompt_manifest.yaml
    drive_id: 1s-qiPP0EMwbIllaowRK08AKhi9H0GmAu
    sha256: e336a0eb65a380e177e59d317f29ef8d66d280b07fde365e42202aa5569a2962
    bytes: 4673
    class: HISTORICAL_CONTROL
    semantic_version: '0.1'
  HIST_PROMPT_BINDINGS:
    key: HIST_PROMPT_BINDINGS
    relative_path: sources/HIST_PROMPT_BINDINGS__prompt_bindings_v0.3.yaml
    drive_id: 1d7AUn8-HDZ1DviUyAGyAUYqLZwl4VYOo
    sha256: 6e36e1d12de755d366a9c79a024d01bd5f0e91069d38406dd0001fd9a2e0c875
    bytes: 648
    class: HISTORICAL_CONTROL
    semantic_version: 0.3.0
  HIST_P00:
    key: HIST_P00
    relative_path: sources/HIST_P00__P00_constitutional_checksum.md
    drive_id: 1Itmu-L12vhzmO1x14lvvr4az0xy9c38f
    sha256: 95e963cd83e8fd235e7909e9f4ccd8ffd6c64a181d014a6fecd0416af4c85f21
    bytes: 776
    class: HISTORICAL_ROUTER
    semantic_version: '0.1'
  HIST_P01:
    key: HIST_P01
    relative_path: sources/HIST_P01__P01_scene_reconstruction.md
    drive_id: 1VH_EsYiekGfBP_mWUHhfxERyoOHfX9YY
    sha256: 3dfaae4d850c7fe8b85ac5fda7feaf3542b189104618196fc3fed03ec5fbff56
    bytes: 741
    class: HISTORICAL_ROUTER
    semantic_version: '0.1'
  HIST_P02:
    key: HIST_P02
    relative_path: sources/HIST_P02__P02_origin_status.md
    drive_id: 19xSx_d8OTDmgzc56VxlWv4M93lXGZqqh
    sha256: 2302eec9fa90bc85ec947f3ee0a4835285522c86a8f7f669b43e0edd64efef5e
    bytes: 735
    class: HISTORICAL_ROUTER
    semantic_version: '0.1'
  HIST_P03:
    key: HIST_P03
    relative_path: sources/HIST_P03__P03_applicability.md
    drive_id: 1uRq9GomIiLDLpNvU8I-tWeF766kSoBf7
    sha256: 9623f6c0b98495293c4e65adefe0fe20483307f7a7d25f53ea158ef44ecfdf19
    bytes: 780
    class: HISTORICAL_ROUTER
    semantic_version: '0.1'
  HIST_P04:
    key: HIST_P04
    relative_path: sources/HIST_P04__P04_attention_memory.md
    drive_id: 1n2v9sryMHmMi0nRx8gaPd6jaqcWCgPhf
    sha256: 07307d79334a32326bc8aa2703759e248ceb5261d821cd9ad0f2c44922e61448
    bytes: 798
    class: HISTORICAL_ROUTER
    semantic_version: '0.1'
  HIST_P05:
    key: HIST_P05
    relative_path: sources/HIST_P05__P05_ownership.md
    drive_id: 16K_RKjvt_VEUUzqOAPp9yZJMBJ--tEfo
    sha256: 9608bf2f3785cd8b80cbcee473f784c91c968b48c1074f357264a01fe5f0ef37
    bytes: 782
    class: HISTORICAL_ROUTER
    semantic_version: '0.1'
  HIST_P06:
    key: HIST_P06
    relative_path: sources/HIST_P06__P06_council_arbiter.md
    drive_id: 1lbQdm5uu_PJwA6bJWwvhEQXYbLrAskmJ
    sha256: d8e6bff9d6fa30eaf6b95a23f91b5bc39155b82cca6ff5bdce8599f3daee6ae2
    bytes: 785
    class: HISTORICAL_ROUTER
    semantic_version: '0.1'
  HIST_P07:
    key: HIST_P07
    relative_path: sources/HIST_P07__P07_intervention.md
    drive_id: 1YJrYm73efTikPSyHJf9r2S6ZJSGqeZV8
    sha256: 328f83db74468be40eca79300b5a078b18f795fb5cafd9ea85cecb26b525658f
    bytes: 794
    class: HISTORICAL_ROUTER
    semantic_version: '0.1'
  HIST_P08:
    key: HIST_P08
    relative_path: sources/HIST_P08__P08_synthesis_render.md
    drive_id: 1fNCsWGTKT34NZuJLGn4lR-3PE7s1_K3M
    sha256: 1509acca3aeeb342ee61383a2f78f758026a2422522424d3534d32f9d75f0790
    bytes: 792
    class: HISTORICAL_ROUTER
    semantic_version: '0.1'
  HIST_P09:
    key: HIST_P09
    relative_path: sources/HIST_P09__P09_self_review.md
    drive_id: 14VEPJ6NdShIogT8LcFKqwi74lWsWvwWm
    sha256: 5d688bbfd54197cc775c792f5090cd6a8aeee34a971dc791f9a14be3dce87a9a
    bytes: 795
    class: HISTORICAL_ROUTER
    semantic_version: '0.1'
  SEM_PROMPT_MANIFEST:
    key: SEM_PROMPT_MANIFEST
    relative_path: sources/SEM_PROMPT_MANIFEST__prompt_manifest_v0.2.yaml.txt
    drive_id: 14TM9Jz7MuXfFBBZtt71oUpDgRpqiJX7K
    sha256: ecf73f2070630e58d327da52bee17ea5c26e21e4cf3f52fd6f024de2962ec2f1
    bytes: 6841
    class: SEMANTIC_CONTROL
    semantic_version: 0.2.0
  SEM_PROMPT_BINDINGS:
    key: SEM_PROMPT_BINDINGS
    relative_path: sources/SEM_PROMPT_BINDINGS__prompt_bindings_v0.4.yaml.txt
    drive_id: 1w2M4mmr6L8uq5Bl8JH-5OlXnqB0optqj
    sha256: 75809760a2c996bb6f3ff9eeaa1da8c352e782a9c894d7eb163d6cee6151fbe3
    bytes: 2382
    class: SEMANTIC_CONTROL
    semantic_version: 0.4.0
  SEM_MOUNT_MANIFEST:
    key: SEM_MOUNT_MANIFEST
    relative_path: sources/SEM_MOUNT_MANIFEST__semantic_mount_manifest.yaml.txt
    drive_id: 1c36gHaEtEZ8RN_w_HoHdJ1cxWOdGeUEs
    sha256: cbf2b6029466ef6f0ae9b7b9cb46becfe919c1c96e415fbd1938e181c72ff596
    bytes: 4449
    class: SEMANTIC_CONTROL
    semantic_version: 0.2.0
  CONTEXT_ASSEMBLY_POLICY:
    key: CONTEXT_ASSEMBLY_POLICY
    relative_path: sources/CONTEXT_ASSEMBLY_POLICY__context_assembly_policy.yaml.txt
    drive_id: 15NotlXcnW_pbcnc1JIg6RA52RnU8qQGM
    sha256: e149aabd333d28463868ac03297638e728671e3ecc970c8ddd6dc88bfd74d286
    bytes: 2075
    class: SEMANTIC_CONTROL
    semantic_version: 0.2.0
  SEM_BODY_REGISTRY:
    key: SEM_BODY_REGISTRY
    relative_path: sources/SEM_BODY_REGISTRY__semantic_body_registry.yaml.txt
    drive_id: 1olwVODjg8IJZhRe2n0B44ipuMwwt6z2S
    sha256: 01d8db27efcbeef5c86cc3e9ad95831013d653a8cffce0bc8ede6c6c1482a680
    bytes: 4525
    class: SEMANTIC_CONTROL
    semantic_version: 0.2.0
  TRIGGER_ADMISSION_POLICY:
    key: TRIGGER_ADMISSION_POLICY
    relative_path: sources/TRIGGER_ADMISSION_POLICY__conditional_trigger_admission_policy_v0.1_candidate.yaml
    drive_id: 1axqBiUSe3BVfPv5AwX1XOKes4l84mmmU
    sha256: 660745c4597dffed301247bd9e854b0b1da85040ef2286509fd3d397912b6bfe
    bytes: 2583
    class: SEMANTIC_CONTROL
    semantic_version: 0.1.0
  SEM_P00:
    key: SEM_P00
    relative_path: sources/SEM_P00__P00_constitutional_checksum_v0.2_semantic.md.txt
    drive_id: 1JcpjQ5--oszq-lol4XpCqVQ3eqK8xhDA
    sha256: d0d3d4af254e246704d91905eb9eb6c3d2794cb94a75bf5329f1605477f7f439
    bytes: 3916
    class: SEMANTIC_ROUTER
    semantic_version: 0.2.0
  SEM_P01:
    key: SEM_P01
    relative_path: sources/SEM_P01__P01_scene_reconstruction_v0.2_semantic.md.txt
    drive_id: 1FipytkNPHsl2-meJJ5Y0qbE-rOjxMKqC
    sha256: 7c4978b285805401d5c0cd94c9dce3c8ba77a4513701df534fac87eac5ae7c2f
    bytes: 3852
    class: SEMANTIC_ROUTER
    semantic_version: 0.2.0
  SEM_P02:
    key: SEM_P02
    relative_path: sources/SEM_P02__P02_origin_status_v0.2_semantic.md.txt
    drive_id: 1wbUHSGlhYpinLMhmtKuW-BPGUWwY_Y7Y
    sha256: 788be46860109b654e7d9c9dba59a5feafebb68ae3d33f25308e13b635e898d5
    bytes: 3873
    class: SEMANTIC_ROUTER
    semantic_version: 0.2.0
  SEM_P03:
    key: SEM_P03
    relative_path: sources/SEM_P03__P03_applicability_v0.2_semantic.md.txt
    drive_id: 1jBipEO6rr6hcYvn08u3GXPOhiZxsXG12
    sha256: da07e9af5b9ae396b47e77aea0fdea7a39755ea4f01c9edb0de21d8dd4ed1030
    bytes: 4140
    class: SEMANTIC_ROUTER
    semantic_version: 0.2.0
  SEM_P04:
    key: SEM_P04
    relative_path: sources/SEM_P04__P04_attention_memory_v0.2_semantic.md.txt
    drive_id: 13QfPyhBokC5z2BcRZqq1ExG6L-qpkEtV
    sha256: 53567eba565e031f139f42ca0019773dc4eac977d47b839b81df6fa1ccb4a333
    bytes: 4286
    class: SEMANTIC_ROUTER
    semantic_version: 0.2.0
  SEM_P05:
    key: SEM_P05
    relative_path: sources/SEM_P05__P05_ownership_v0.2_semantic.md.txt
    drive_id: 18h-ntBaX9JvIYggtb2QCZ4-F8RnVRt9G
    sha256: 6b3af7d878a8fb76310ba880c0fe99d20133de8ce028f5725075902fd54a1eb1
    bytes: 4299
    class: SEMANTIC_ROUTER
    semantic_version: 0.2.0
  SEM_P06:
    key: SEM_P06
    relative_path: sources/SEM_P06__P06_council_arbiter_v0.2_semantic.md.txt
    drive_id: 1SaPKmXbye6jMeo73BxX2T6U3MrruRgwx
    sha256: ff9df15eb40887a6f69e2f63a51319b1c9c45f7260fae6f774246f0493488686
    bytes: 4307
    class: SEMANTIC_ROUTER
    semantic_version: 0.2.0
  SEM_P07:
    key: SEM_P07
    relative_path: sources/SEM_P07__P07_intervention_v0.2_semantic.md.txt
    drive_id: 1jhi5rgE4HDktjgwOjtbLP5RLhuFmqm1S
    sha256: 0ae9cdfb55d9a9fc2422c5502015d326fc2be83d635766eff73da149b1f5ece1
    bytes: 4481
    class: SEMANTIC_ROUTER
    semantic_version: 0.2.0
  SEM_P08:
    key: SEM_P08
    relative_path: sources/SEM_P08__P08_synthesis_render_v0.2_semantic.md.txt
    drive_id: 130YMMlZgTnZcDfdBALRdmQMC2VybFytx
    sha256: 7485e3daba56655407c7f86e831dc70bb23d7ac372b667f1f53f5160bdc9f497
    bytes: 4626
    class: SEMANTIC_ROUTER
    semantic_version: 0.2.0
  SEM_P09:
    key: SEM_P09
    relative_path: sources/SEM_P09__P09_self_review_v0.2_semantic.md.txt
    drive_id: 1gx1Ia3sKzO0c_7Rxc3f0UQRLHbxapmPv
    sha256: 9e90c1c12bfb6f17aac18f557b89db18194658987e714bbd45e5975f7c3dbbb6
    bytes: 4448
    class: SEMANTIC_ROUTER
    semantic_version: 0.2.0
  CORE:
    key: CORE
    relative_path: sources/CORE__SOCRATES_CORE_SEMANTIC_BODY_v0.2_candidate.md.txt
    drive_id: 123QTjcjJjQT1m-tsUsGwFaGpDaKgCKOG
    sha256: be8ec30cca75004e4f6f1379fdf654bc3944c0a7931b23a8a66ec9bb209ee323
    bytes: 41732
    class: SEMANTIC_BODY
    semantic_version: '0.2'
  B01:
    key: B01
    relative_path: sources/B01__B01_SCENE_TELOS_ROLE_AUTHORITY_v0.2_candidate.md.txt
    drive_id: 1tYADJetkVygiNn4dLAqB2GjL5DT8euRd
    sha256: cd29d28b6d5165b49e8fd8e29eb4fcc5ad2f1a19f37330a65157c7fdc401f833
    bytes: 14393
    class: SEMANTIC_BODY
    semantic_version: '0.2'
  B02:
    key: B02
    relative_path: sources/B02__B02_ORIGIN_STATUS_TEMPORALITY_v0.2_candidate.md.txt
    drive_id: 1QNAptEERaQ9hQtZOQf1MYL-SKmKEM8N4
    sha256: 9b6bab2afeae4a894481b7ec563632a0aaa795f776b6b01cf28fbf07f4c811f5
    bytes: 12356
    class: SEMANTIC_BODY
    semantic_version: '0.2'
  B03:
    key: B03
    relative_path: sources/B03__B03_OPERATION_OBJECT_APPLICABILITY_OPEN_WORLD_v0.2_candidate.md.txt
    drive_id: 1oPUCzPVECR6RFGbKQemvz3XAaohlb96T
    sha256: 81fff21a1927dcd1e9362bd2d2a8eaed06687b670f06406a491bcc7eee7eba38
    bytes: 13973
    class: SEMANTIC_BODY
    semantic_version: '0.2'
  B04:
    key: B04
    relative_path: sources/B04__B04_ATTENTION_VNYATIE_RETRIEVAL_v0.2_candidate.md.txt
    drive_id: 1U5hqTS3MhpqBkfLyDKEmpEMUNe0ju4Af
    sha256: 513f5ac54bcddb667cf926d156f7a4fc1906719b531a36f41a4309dfb9603697
    bytes: 11941
    class: SEMANTIC_BODY
    semantic_version: '0.2'
  B05:
    key: B05
    relative_path: sources/B05__B05_MEMORY_FORMATION_STATE_WRITE_v0.2_candidate.md.txt
    drive_id: 1SPyynwGVkCxT4WJZuVYtheOqtwlUZ09T
    sha256: eb486cfa33c192252f7f45d4d2ec72a949f6c770a2dab373651563921ab0be55
    bytes: 12947
    class: SEMANTIC_BODY
    semantic_version: '0.2'
  B06:
    key: B06
    relative_path: sources/B06__B06_HUMAN_OPERATION_OWNERSHIP_v0.2_candidate.md.txt
    drive_id: 1Og6PyapSUvyVi23c8dszfNWw4RILzz-W
    sha256: 88f3db084035f87af9122346d8d4f6e85a3e798e95dcdf07090fca872ede75a5
    bytes: 14135
    class: SEMANTIC_BODY
    semantic_version: '0.2'
  B07:
    key: B07
    relative_path: sources/B07__B07_REFLEXIVE_RETREAT_RETURN_v0.2_candidate.md.txt
    drive_id: 1ud_Und-YnqiXUTdXr8hbgfLsWxvaiqLF
    sha256: 654941c339a70df179b91b742340e2218e776a492d1e28821171386206a505b5
    bytes: 11055
    class: SEMANTIC_BODY
    semantic_version: '0.2'
  B08:
    key: B08
    relative_path: sources/B08__B08_POLYONTOLOGY_OBJECT_GENESIS_FIELD_MODE_v0.2_candidate.md.txt
    drive_id: 1V-HHNfVbi9K5ae21PoJ6TOU1CTmYa-KO
    sha256: b5c85e00cfed19f144a992bd04ecb5ee2ed7d0baf9fa6076eec235198abf37f3
    bytes: 12255
    class: SEMANTIC_BODY
    semantic_version: '0.2'
  B09:
    key: B09
    relative_path: sources/B09__B09_POSITIONAL_ECOLOGY_COUNCIL_ARBITRATION_v0.2_candidate.md.txt
    drive_id: 1-ckkQv4PFl2642YOTBe4gf-eGEL4xdg-
    sha256: aa5a37ada97fb392b78fc26216dd089cac8d7fd9b9bd3b8eb1983f1b5db32ca8
    bytes: 10778
    class: SEMANTIC_BODY
    semantic_version: '0.2'
  B10:
    key: B10
    relative_path: sources/B10__B10_INTERVENTION_DIALOGUE_SELF_REVIEW_STATE_CHANGE_v0.2_candidate.md.txt
    drive_id: 1JKljOIfiLdYQGg7SmNqNypt6hXYcVuDr
    sha256: fa0bc41c3b355b0e38cfd5a678c0dd3a006e19db56fdf89bbd7a495938910ed6
    bytes: 11906
    class: SEMANTIC_BODY
    semantic_version: '0.2'
  SHARED_HARD_CONTRACT_BUNDLE:
    key: SHARED_HARD_CONTRACT_BUNDLE
    relative_path: materialized/shared/hard_contract_context.txt
    sha256: 7f799998ced4fc809e0b81b38d79f9187a4bdd9c0b94d448ec4a6ef74323d9d5
    bytes: 38710
    class: HARD_CONTRACTS
    derived_from:
    - ENFORCEMENT_MANIFEST
    - SCHEMA_CATALOG
    - ACTOR_STATE_SCHEMA
    - SCENE_STATE_SCHEMA
    - ROLE_AUTHORITY_SCHEMA
    - REFLECTIVE_EXIT_SCHEMA
    - EPISTEMIC_CLAIM_SCHEMA
    - TEMPORAL_COMMITMENT_SCHEMA
    - PIPELINE_RUN_STATE_SCHEMA
    - PROMPT_MODULE_SCHEMA
    - HARNESS_CASE_SCHEMA
    - CONTROL_PLANE_SCHEMA
    - USER_RESPONSE_SCHEMA
    - MIGRATION_RECORD_SCHEMA
    - SCHEMA_CATALOG_CONTRACT
    - ENFORCEMENT_MANIFEST_CONTRACT
    - REFERENCE_HARNESS_RESULT_SCHEMA
    separator: '


      --- SOCRATES SOURCE ARTIFACT BOUNDARY ---


      '
  CTX_R8-C01_SCENE_CAPTURE_A:
    key: CTX_R8-C01_SCENE_CAPTURE_A
    relative_path: materialized/cases/R8-C01_SCENE_CAPTURE/A_HISTORICAL.txt
    sha256: 6add5098eb5c073ceca9143009ea45742bce778e4ff0a42c16c7e6328f45477d
    bytes: 6152
    class: ARM_CONTEXT
    derived_from:
    - HIST_PROMPT_MANIFEST
    - HIST_PROMPT_BINDINGS
    - HIST_P01
    separator: '


      --- SOCRATES SOURCE ARTIFACT BOUNDARY ---


      '
  CTX_R8-C01_SCENE_CAPTURE_B:
    key: CTX_R8-C01_SCENE_CAPTURE_B
    relative_path: materialized/cases/R8-C01_SCENE_CAPTURE/B_SEMANTIC.txt
    sha256: 88147af47856c512a4681ab7c8b5a6c05f21422da6749c180543032d5e829d42
    bytes: 97372
    class: ARM_CONTEXT
    derived_from:
    - SEM_PROMPT_MANIFEST
    - SEM_PROMPT_BINDINGS
    - SEM_MOUNT_MANIFEST
    - CONTEXT_ASSEMBLY_POLICY
    - SEM_BODY_REGISTRY
    - TRIGGER_ADMISSION_POLICY
    - SEM_P01
    - CORE
    - B01
    - B06
    separator: '


      --- SOCRATES SOURCE ARTIFACT BOUNDARY ---


      '
  CTX_R8-C01_SCENE_CAPTURE_ABLATION_B01:
    key: CTX_R8-C01_SCENE_CAPTURE_ABLATION_B01
    relative_path: materialized/cases/R8-C01_SCENE_CAPTURE/C_ABLATION_MINUS_B01.txt
    sha256: 4eb71cd20d25c2b4abc2cb25b5157b20fe2a5a504ac985ca88c279684cb31848
    bytes: 82934
    class: ARM_CONTEXT
    derived_from:
    - SEM_PROMPT_MANIFEST
    - SEM_PROMPT_BINDINGS
    - SEM_MOUNT_MANIFEST
    - CONTEXT_ASSEMBLY_POLICY
    - SEM_BODY_REGISTRY
    - TRIGGER_ADMISSION_POLICY
    - SEM_P01
    - CORE
    - B06
    separator: '


      --- SOCRATES SOURCE ARTIFACT BOUNDARY ---


      '
  CTX_R8-C02_STATUS_TEMPORALITY_A:
    key: CTX_R8-C02_STATUS_TEMPORALITY_A
    relative_path: materialized/cases/R8-C02_STATUS_TEMPORALITY/A_HISTORICAL.txt
    sha256: c1890139153dfdbdd0a1a73a996c0f38d2918dddb01b8021f9f2006b313029ae
    bytes: 6146
    class: ARM_CONTEXT
    derived_from:
    - HIST_PROMPT_MANIFEST
    - HIST_PROMPT_BINDINGS
    - HIST_P02
    separator: '


      --- SOCRATES SOURCE ARTIFACT BOUNDARY ---


      '
  CTX_R8-C02_STATUS_TEMPORALITY_B:
    key: CTX_R8-C02_STATUS_TEMPORALITY_B
    relative_path: materialized/cases/R8-C02_STATUS_TEMPORALITY/B_SEMANTIC.txt
    sha256: 880f0e7f64c60b3380ad24d1ac8b4d9519b2dac65c94ab977315fab51dcbe230
    bytes: 94168
    class: ARM_CONTEXT
    derived_from:
    - SEM_PROMPT_MANIFEST
    - SEM_PROMPT_BINDINGS
    - SEM_MOUNT_MANIFEST
    - CONTEXT_ASSEMBLY_POLICY
    - SEM_BODY_REGISTRY
    - TRIGGER_ADMISSION_POLICY
    - SEM_P02
    - CORE
    - B02
    - B05
    separator: '


      --- SOCRATES SOURCE ARTIFACT BOUNDARY ---


      '
  CTX_R8-C02_STATUS_TEMPORALITY_ABLATION_B02:
    key: CTX_R8-C02_STATUS_TEMPORALITY_ABLATION_B02
    relative_path: materialized/cases/R8-C02_STATUS_TEMPORALITY/C_ABLATION_MINUS_B02.txt
    sha256: 2c49b49ff9c2a322ec2558aed5a3496c06d2b4dc46daebdd4d06a5d98e1f4697
    bytes: 81767
    class: ARM_CONTEXT
    derived_from:
    - SEM_PROMPT_MANIFEST
    - SEM_PROMPT_BINDINGS
    - SEM_MOUNT_MANIFEST
    - CONTEXT_ASSEMBLY_POLICY
    - SEM_BODY_REGISTRY
    - TRIGGER_ADMISSION_POLICY
    - SEM_P02
    - CORE
    - B05
    separator: '


      --- SOCRATES SOURCE ARTIFACT BOUNDARY ---


      '
  CTX_R8-C03_OPERATION_OBJECT_PESKOV_A:
    key: CTX_R8-C03_OPERATION_OBJECT_PESKOV_A
    relative_path: materialized/cases/R8-C03_OPERATION_OBJECT_PESKOV/A_HISTORICAL.txt
    sha256: da3711bb3dd42e1035da99d651a8090ea140adaeecb23df200138bc03af646a0
    bytes: 6191
    class: ARM_CONTEXT
    derived_from:
    - HIST_PROMPT_MANIFEST
    - HIST_PROMPT_BINDINGS
    - HIST_P03
    separator: '


      --- SOCRATES SOURCE ARTIFACT BOUNDARY ---


      '
  CTX_R8-C03_OPERATION_OBJECT_PESKOV_B:
    key: CTX_R8-C03_OPERATION_OBJECT_PESKOV_B
    relative_path: materialized/cases/R8-C03_OPERATION_OBJECT_PESKOV/B_SEMANTIC.txt
    sha256: 5194e8a40165cec69e6007875312328688dd978702194d940adf0506f1ac7ca7
    bytes: 106460
    class: ARM_CONTEXT
    derived_from:
    - SEM_PROMPT_MANIFEST
    - SEM_PROMPT_BINDINGS
    - SEM_MOUNT_MANIFEST
    - CONTEXT_ASSEMBLY_POLICY
    - SEM_BODY_REGISTRY
    - TRIGGER_ADMISSION_POLICY
    - SEM_P03
    - CORE
    - B03
    - B08
    - B07
    separator: '


      --- SOCRATES SOURCE ARTIFACT BOUNDARY ---


      '
  CTX_R8-C03_OPERATION_OBJECT_PESKOV_ABLATION_B03:
    key: CTX_R8-C03_OPERATION_OBJECT_PESKOV_ABLATION_B03
    relative_path: materialized/cases/R8-C03_OPERATION_OBJECT_PESKOV/C_ABLATION_MINUS_B03.txt
    sha256: 551683487e52223664f7b267257f390a98fac64b3d277ddbaf37fec4e729da08
    bytes: 92442
    class: ARM_CONTEXT
    derived_from:
    - SEM_PROMPT_MANIFEST
    - SEM_PROMPT_BINDINGS
    - SEM_MOUNT_MANIFEST
    - CONTEXT_ASSEMBLY_POLICY
    - SEM_BODY_REGISTRY
    - TRIGGER_ADMISSION_POLICY
    - SEM_P03
    - CORE
    - B08
    - B07
    separator: '


      --- SOCRATES SOURCE ARTIFACT BOUNDARY ---


      '
  CTX_R8-C04_ONTOLOGY_GAP_A:
    key: CTX_R8-C04_ONTOLOGY_GAP_A
    relative_path: materialized/cases/R8-C04_ONTOLOGY_GAP/A_HISTORICAL.txt
    sha256: da3711bb3dd42e1035da99d651a8090ea140adaeecb23df200138bc03af646a0
    bytes: 6191
    class: ARM_CONTEXT
    derived_from:
    - HIST_PROMPT_MANIFEST
    - HIST_PROMPT_BINDINGS
    - HIST_P03
    separator: '


      --- SOCRATES SOURCE ARTIFACT BOUNDARY ---


      '
  CTX_R8-C04_ONTOLOGY_GAP_B:
    key: CTX_R8-C04_ONTOLOGY_GAP_B
    relative_path: materialized/cases/R8-C04_ONTOLOGY_GAP/B_SEMANTIC.txt
    sha256: 5194e8a40165cec69e6007875312328688dd978702194d940adf0506f1ac7ca7
    bytes: 106460
    class: ARM_CONTEXT
    derived_from:
    - SEM_PROMPT_MANIFEST
    - SEM_PROMPT_BINDINGS
    - SEM_MOUNT_MANIFEST
    - CONTEXT_ASSEMBLY_POLICY
    - SEM_BODY_REGISTRY
    - TRIGGER_ADMISSION_POLICY
    - SEM_P03
    - CORE
    - B03
    - B08
    - B07
    separator: '


      --- SOCRATES SOURCE ARTIFACT BOUNDARY ---


      '
  CTX_R8-C04_ONTOLOGY_GAP_ABLATION_B08:
    key: CTX_R8-C04_ONTOLOGY_GAP_ABLATION_B08
    relative_path: materialized/cases/R8-C04_ONTOLOGY_GAP/C_ABLATION_MINUS_B08.txt
    sha256: 872fa72b165789b9a99c7fc05897f53601e8a025675cbd2807ef09bc083a7c9b
    bytes: 94160
    class: ARM_CONTEXT
    derived_from:
    - SEM_PROMPT_MANIFEST
    - SEM_PROMPT_BINDINGS
    - SEM_MOUNT_MANIFEST
    - CONTEXT_ASSEMBLY_POLICY
    - SEM_BODY_REGISTRY
    - TRIGGER_ADMISSION_POLICY
    - SEM_P03
    - CORE
    - B03
    - B07
    separator: '


      --- SOCRATES SOURCE ARTIFACT BOUNDARY ---


      '
  CTX_R8-C05_RETRIEVAL_ATTENTION_A:
    key: CTX_R8-C05_RETRIEVAL_ATTENTION_A
    relative_path: materialized/cases/R8-C05_RETRIEVAL_ATTENTION/A_HISTORICAL.txt
    sha256: 6274dca17d18e94cb38b63124513c0e96a12bdbc014b71d5315e43bdec886176
    bytes: 6209
    class: ARM_CONTEXT
    derived_from:
    - HIST_PROMPT_MANIFEST
    - HIST_PROMPT_BINDINGS
    - HIST_P04
    separator: '


      --- SOCRATES SOURCE ARTIFACT BOUNDARY ---


      '
  CTX_R8-C05_RETRIEVAL_ATTENTION_B:
    key: CTX_R8-C05_RETRIEVAL_ATTENTION_B
    relative_path: materialized/cases/R8-C05_RETRIEVAL_ATTENTION/B_SEMANTIC.txt
    sha256: abe72f28386eeb5ef167e28804c4fc493dda878654a5cff57cf006d64c06a21b
    bytes: 118867
    class: ARM_CONTEXT
    derived_from:
    - SEM_PROMPT_MANIFEST
    - SEM_PROMPT_BINDINGS
    - SEM_MOUNT_MANIFEST
    - CONTEXT_ASSEMBLY_POLICY
    - SEM_BODY_REGISTRY
    - TRIGGER_ADMISSION_POLICY
    - SEM_P04
    - CORE
    - B04
    - B05
    - B02
    - B08
    separator: '


      --- SOCRATES SOURCE ARTIFACT BOUNDARY ---


      '
  CTX_R8-C05_RETRIEVAL_ATTENTION_ABLATION_B04:
    key: CTX_R8-C05_RETRIEVAL_ATTENTION_ABLATION_B04
    relative_path: materialized/cases/R8-C05_RETRIEVAL_ATTENTION/C_ABLATION_MINUS_B04.txt
    sha256: 73cf07d01d9c26260378510e3a0f18ea1158f49012ccc0dbb205c58df57b36ba
    bytes: 106881
    class: ARM_CONTEXT
    derived_from:
    - SEM_PROMPT_MANIFEST
    - SEM_PROMPT_BINDINGS
    - SEM_MOUNT_MANIFEST
    - CONTEXT_ASSEMBLY_POLICY
    - SEM_BODY_REGISTRY
    - TRIGGER_ADMISSION_POLICY
    - SEM_P04
    - CORE
    - B05
    - B02
    - B08
    separator: '


      --- SOCRATES SOURCE ARTIFACT BOUNDARY ---


      '
  CTX_R8-C06_HUMAN_OWNERSHIP_A:
    key: CTX_R8-C06_HUMAN_OWNERSHIP_A
    relative_path: materialized/cases/R8-C06_HUMAN_OWNERSHIP/A_HISTORICAL.txt
    sha256: e72808ff52a7d244d4a050354b4259fa025add0794fe6df4637b4d41391855e3
    bytes: 6193
    class: ARM_CONTEXT
    derived_from:
    - HIST_PROMPT_MANIFEST
    - HIST_PROMPT_BINDINGS
    - HIST_P05
    separator: '


      --- SOCRATES SOURCE ARTIFACT BOUNDARY ---


      '
  CTX_R8-C06_HUMAN_OWNERSHIP_B:
    key: CTX_R8-C06_HUMAN_OWNERSHIP_B
    relative_path: materialized/cases/R8-C06_HUMAN_OWNERSHIP/B_SEMANTIC.txt
    sha256: 7d1b9e90d21f4306a105a6cc911ae61776761a2210162d09212d45e723196e71
    bytes: 123212
    class: ARM_CONTEXT
    derived_from:
    - SEM_PROMPT_MANIFEST
    - SEM_PROMPT_BINDINGS
    - SEM_MOUNT_MANIFEST
    - CONTEXT_ASSEMBLY_POLICY
    - SEM_BODY_REGISTRY
    - TRIGGER_ADMISSION_POLICY
    - SEM_P05
    - CORE
    - B06
    - B01
    - B02
    - B05
    separator: '


      --- SOCRATES SOURCE ARTIFACT BOUNDARY ---


      '
  CTX_R8-C06_HUMAN_OWNERSHIP_ABLATION_B06:
    key: CTX_R8-C06_HUMAN_OWNERSHIP_ABLATION_B06
    relative_path: materialized/cases/R8-C06_HUMAN_OWNERSHIP/C_ABLATION_MINUS_B06.txt
    sha256: e2c88a47574969ec5e737c6d0484ba7a87ec80876c30b2eabe5481bab3c3e44d
    bytes: 109032
    class: ARM_CONTEXT
    derived_from:
    - SEM_PROMPT_MANIFEST
    - SEM_PROMPT_BINDINGS
    - SEM_MOUNT_MANIFEST
    - CONTEXT_ASSEMBLY_POLICY
    - SEM_BODY_REGISTRY
    - TRIGGER_ADMISSION_POLICY
    - SEM_P05
    - CORE
    - B01
    - B02
    - B05
    separator: '


      --- SOCRATES SOURCE ARTIFACT BOUNDARY ---


      '
  CTX_R8-C07_REFLEXIVE_RETURN_A:
    key: CTX_R8-C07_REFLEXIVE_RETURN_A
    relative_path: materialized/cases/R8-C07_REFLEXIVE_RETURN/A_HISTORICAL.txt
    sha256: 7d335b4b1c7b76142c5f42cb5aece6a2af28288edd07d951e49132bebbac8e10
    bytes: 6206
    class: ARM_CONTEXT
    derived_from:
    - HIST_PROMPT_MANIFEST
    - HIST_PROMPT_BINDINGS
    - HIST_P09
    separator: '


      --- SOCRATES SOURCE ARTIFACT BOUNDARY ---


      '
  CTX_R8-C07_REFLEXIVE_RETURN_B:
    key: CTX_R8-C07_REFLEXIVE_RETURN_B
    relative_path: materialized/cases/R8-C07_REFLEXIVE_RETURN/B_SEMANTIC.txt
    sha256: 65210f1b2b56752df84b0f7e05c88c629a65aacccd1b9f8e279cda73b1cf0345
    bytes: 131974
    class: ARM_CONTEXT
    derived_from:
    - SEM_PROMPT_MANIFEST
    - SEM_PROMPT_BINDINGS
    - SEM_MOUNT_MANIFEST
    - CONTEXT_ASSEMBLY_POLICY
    - SEM_BODY_REGISTRY
    - TRIGGER_ADMISSION_POLICY
    - SEM_P09
    - CORE
    - B05
    - B07
    - B10
    - B02
    - B06
    separator: '


      --- SOCRATES SOURCE ARTIFACT BOUNDARY ---


      '
  CTX_R8-C07_REFLEXIVE_RETURN_ABLATION_B07:
    key: CTX_R8-C07_REFLEXIVE_RETURN_ABLATION_B07
    relative_path: materialized/cases/R8-C07_REFLEXIVE_RETURN/C_ABLATION_MINUS_B07.txt
    sha256: dd09f1ece4e0517492cbc83093c3d5932f27c900d1775566de46cb43acc74cda
    bytes: 120874
    class: ARM_CONTEXT
    derived_from:
    - SEM_PROMPT_MANIFEST
    - SEM_PROMPT_BINDINGS
    - SEM_MOUNT_MANIFEST
    - CONTEXT_ASSEMBLY_POLICY
    - SEM_BODY_REGISTRY
    - TRIGGER_ADMISSION_POLICY
    - SEM_P09
    - CORE
    - B05
    - B10
    - B02
    - B06
    separator: '


      --- SOCRATES SOURCE ARTIFACT BOUNDARY ---


      '
  CTX_R8-C08_COUNCIL_AUTHORITY_A:
    key: CTX_R8-C08_COUNCIL_AUTHORITY_A
    relative_path: materialized/cases/R8-C08_COUNCIL_AUTHORITY/A_HISTORICAL.txt
    sha256: 1a08f2d19dc31c7975ce6f2fe2403a35006ecff856e4899fc4dfe270d666f461
    bytes: 6196
    class: ARM_CONTEXT
    derived_from:
    - HIST_PROMPT_MANIFEST
    - HIST_PROMPT_BINDINGS
    - HIST_P06
    separator: '


      --- SOCRATES SOURCE ARTIFACT BOUNDARY ---


      '
  CTX_R8-C08_COUNCIL_AUTHORITY_B:
    key: CTX_R8-C08_COUNCIL_AUTHORITY_B
    relative_path: materialized/cases/R8-C08_COUNCIL_AUTHORITY/B_SEMANTIC.txt
    sha256: 8adbc76169ea138faef13a1c546c99979f0f5e33716e9fe21163af9136790012
    bytes: 115833
    class: ARM_CONTEXT
    derived_from:
    - SEM_PROMPT_MANIFEST
    - SEM_PROMPT_BINDINGS
    - SEM_MOUNT_MANIFEST
    - CONTEXT_ASSEMBLY_POLICY
    - SEM_BODY_REGISTRY
    - TRIGGER_ADMISSION_POLICY
    - SEM_P06
    - CORE
    - B09
    - B02
    - B07
    - B08
    separator: '


      --- SOCRATES SOURCE ARTIFACT BOUNDARY ---


      '
  CTX_R8-C08_COUNCIL_AUTHORITY_ABLATION_B09:
    key: CTX_R8-C08_COUNCIL_AUTHORITY_ABLATION_B09
    relative_path: materialized/cases/R8-C08_COUNCIL_AUTHORITY/C_ABLATION_MINUS_B09.txt
    sha256: 13af69244fa4d92c11155d833b016a1cdfbfbe796effaaa7fb733a80e19936b5
    bytes: 105010
    class: ARM_CONTEXT
    derived_from:
    - SEM_PROMPT_MANIFEST
    - SEM_PROMPT_BINDINGS
    - SEM_MOUNT_MANIFEST
    - CONTEXT_ASSEMBLY_POLICY
    - SEM_BODY_REGISTRY
    - TRIGGER_ADMISSION_POLICY
    - SEM_P06
    - CORE
    - B02
    - B07
    - B08
    separator: '


      --- SOCRATES SOURCE ARTIFACT BOUNDARY ---


      '
  CTX_R8-C09_FALSE_SYNTHESIS_A:
    key: CTX_R8-C09_FALSE_SYNTHESIS_A
    relative_path: materialized/cases/R8-C09_FALSE_SYNTHESIS/A_HISTORICAL.txt
    sha256: 15215184fbedab67962041044b07d7ffd1aeb1ccef8ddd351c7b6b843bf18022
    bytes: 6203
    class: ARM_CONTEXT
    derived_from:
    - HIST_PROMPT_MANIFEST
    - HIST_PROMPT_BINDINGS
    - HIST_P08
    separator: '


      --- SOCRATES SOURCE ARTIFACT BOUNDARY ---


      '
  CTX_R8-C09_FALSE_SYNTHESIS_B:
    key: CTX_R8-C09_FALSE_SYNTHESIS_B
    relative_path: materialized/cases/R8-C09_FALSE_SYNTHESIS/B_SEMANTIC.txt
    sha256: 1e605ceeb1c6aeacc3de84d107764f7f9ea48ecbea7d9c5f46bd6eefda1bbdb4
    bytes: 144013
    class: ARM_CONTEXT
    derived_from:
    - SEM_PROMPT_MANIFEST
    - SEM_PROMPT_BINDINGS
    - SEM_MOUNT_MANIFEST
    - CONTEXT_ASSEMBLY_POLICY
    - SEM_BODY_REGISTRY
    - TRIGGER_ADMISSION_POLICY
    - SEM_P08
    - CORE
    - B02
    - B09
    - B10
    - B03
    - B08
    - B05
    separator: '


      --- SOCRATES SOURCE ARTIFACT BOUNDARY ---


      '
  CTX_R8-C09_FALSE_SYNTHESIS_ABLATION_B08:
    key: CTX_R8-C09_FALSE_SYNTHESIS_ABLATION_B08
    relative_path: materialized/cases/R8-C09_FALSE_SYNTHESIS/C_ABLATION_MINUS_B08.txt
    sha256: c1ccf95ad287695e1b7d2f7a275b82772bbd8bd39c9b9b7165ebda051c710207
    bytes: 131713
    class: ARM_CONTEXT
    derived_from:
    - SEM_PROMPT_MANIFEST
    - SEM_PROMPT_BINDINGS
    - SEM_MOUNT_MANIFEST
    - CONTEXT_ASSEMBLY_POLICY
    - SEM_BODY_REGISTRY
    - TRIGGER_ADMISSION_POLICY
    - SEM_P08
    - CORE
    - B02
    - B09
    - B10
    - B03
    - B05
    separator: '


      --- SOCRATES SOURCE ARTIFACT BOUNDARY ---


      '
  CTX_R8-C10_MEMORY_WRITE_A:
    key: CTX_R8-C10_MEMORY_WRITE_A
    relative_path: materialized/cases/R8-C10_MEMORY_WRITE/A_HISTORICAL.txt
    sha256: 7d335b4b1c7b76142c5f42cb5aece6a2af28288edd07d951e49132bebbac8e10
    bytes: 6206
    class: ARM_CONTEXT
    derived_from:
    - HIST_PROMPT_MANIFEST
    - HIST_PROMPT_BINDINGS
    - HIST_P09
    separator: '


      --- SOCRATES SOURCE ARTIFACT BOUNDARY ---


      '
  CTX_R8-C10_MEMORY_WRITE_B:
    key: CTX_R8-C10_MEMORY_WRITE_B
    relative_path: materialized/cases/R8-C10_MEMORY_WRITE/B_SEMANTIC.txt
    sha256: 65210f1b2b56752df84b0f7e05c88c629a65aacccd1b9f8e279cda73b1cf0345
    bytes: 131974
    class: ARM_CONTEXT
    derived_from:
    - SEM_PROMPT_MANIFEST
    - SEM_PROMPT_BINDINGS
    - SEM_MOUNT_MANIFEST
    - CONTEXT_ASSEMBLY_POLICY
    - SEM_BODY_REGISTRY
    - TRIGGER_ADMISSION_POLICY
    - SEM_P09
    - CORE
    - B05
    - B07
    - B10
    - B02
    - B06
    separator: '


      --- SOCRATES SOURCE ARTIFACT BOUNDARY ---


      '
  CTX_R8-C10_MEMORY_WRITE_ABLATION_B05:
    key: CTX_R8-C10_MEMORY_WRITE_ABLATION_B05
    relative_path: materialized/cases/R8-C10_MEMORY_WRITE/C_ABLATION_MINUS_B05.txt
    sha256: 49b76e832673b56022dcbc284c5452f8f59f483bc841767dcd9a94cdac5486b8
    bytes: 118982
    class: ARM_CONTEXT
    derived_from:
    - SEM_PROMPT_MANIFEST
    - SEM_PROMPT_BINDINGS
    - SEM_MOUNT_MANIFEST
    - CONTEXT_ASSEMBLY_POLICY
    - SEM_BODY_REGISTRY
    - TRIGGER_ADMISSION_POLICY
    - SEM_P09
    - CORE
    - B07
    - B10
    - B02
    - B06
    separator: '


      --- SOCRATES SOURCE ARTIFACT BOUNDARY ---


      '
  CTX_R8-C11_DIRECT_ASSISTANCE_BYPASS_A:
    key: CTX_R8-C11_DIRECT_ASSISTANCE_BYPASS_A
    relative_path: materialized/cases/R8-C11_DIRECT_ASSISTANCE_BYPASS/A_HISTORICAL.txt
    sha256: 72e470952a8bbd180e53bdeccca50845af8ea11c53d6f22d79040b2eb331fd6c
    bytes: 6205
    class: ARM_CONTEXT
    derived_from:
    - HIST_PROMPT_MANIFEST
    - HIST_PROMPT_BINDINGS
    - HIST_P07
    separator: '


      --- SOCRATES SOURCE ARTIFACT BOUNDARY ---


      '
  CTX_R8-C11_DIRECT_ASSISTANCE_BYPASS_B:
    key: CTX_R8-C11_DIRECT_ASSISTANCE_BYPASS_B
    relative_path: materialized/cases/R8-C11_DIRECT_ASSISTANCE_BYPASS/B_SEMANTIC.txt
    sha256: 3b32c81334eab553b218307293621a52492f3f3529dda4e118a5105fe746bc23
    bytes: 129737
    class: ARM_CONTEXT
    derived_from:
    - SEM_PROMPT_MANIFEST
    - SEM_PROMPT_BINDINGS
    - SEM_MOUNT_MANIFEST
    - CONTEXT_ASSEMBLY_POLICY
    - SEM_BODY_REGISTRY
    - TRIGGER_ADMISSION_POLICY
    - SEM_P07
    - CORE
    - B10
    - B06
    - B07
    - B09
    - B08
    separator: '


      --- SOCRATES SOURCE ARTIFACT BOUNDARY ---


      '
  CTX_R8-C11_DIRECT_ASSISTANCE_BYPASS_ABLATION_B10:
    key: CTX_R8-C11_DIRECT_ASSISTANCE_BYPASS_ABLATION_B10
    relative_path: materialized/cases/R8-C11_DIRECT_ASSISTANCE_BYPASS/C_ABLATION_MINUS_B10.txt
    sha256: 280085afdf84fe0f85db8e7525dbe2d789be19dc4cc0e6a0cbe5d44220087a36
    bytes: 117786
    class: ARM_CONTEXT
    derived_from:
    - SEM_PROMPT_MANIFEST
    - SEM_PROMPT_BINDINGS
    - SEM_MOUNT_MANIFEST
    - CONTEXT_ASSEMBLY_POLICY
    - SEM_BODY_REGISTRY
    - TRIGGER_ADMISSION_POLICY
    - SEM_P07
    - CORE
    - B06
    - B07
    - B09
    - B08
    separator: '


      --- SOCRATES SOURCE ARTIFACT BOUNDARY ---


      '
